
Microsoft Visual Studio Solution File, Format Version 12.00
# Visual Studio Version 17
VisualStudioVersion = 17.10.35013.160
MinimumVisualStudioVersion = 10.0.40219.1
Project("{FAE04EC0-301F-11D3-BF4B-00C04F79EFBC}") = "D05_Task", "D05_Task\D05_Task.csproj", "{C854F0F0-5B19-405D-AC28-80C8F8EB922A}"
EndProject
Global
	GlobalSection(SolutionConfigurationPlatforms) = preSolution
		Debug|Any CPU = Debug|Any CPU
		Release|Any CPU = Release|Any CPU
	EndGlobalSection
	GlobalSection(ProjectConfigurationPlatforms) = postSolution
		{C854F0F0-5B19-405D-AC28-80C8F8EB922A}.Debug|Any CPU.ActiveCfg = Debug|Any CPU
		{C854F0F0-5B19-405D-AC28-80C8F8EB922A}.Debug|Any CPU.Build.0 = Debug|Any CPU
		{C854F0F0-5B19-405D-AC28-80C8F8EB922A}.Release|Any CPU.ActiveCfg = Release|Any CPU
		{C854F0F0-5B19-405D-AC28-80C8F8EB922A}.Release|Any CPU.Build.0 = Release|Any CPU
	EndGlobalSection
	GlobalSection(SolutionProperties) = preSolution
		HideSolutionNode = FALSE
	EndGlobalSection
	GlobalSection(ExtensibilityGlobals) = postSolution
		SolutionGuid = {C79F38AB-5D63-48B8-9122-A6D4973172EE}
	EndGlobalSection
EndGlobal
